{
  "object": {
    "pins": [
      {
        "package": "SwiftSoup",
        "repositoryURL": "https://github.com/scinfu/SwiftSoup.git",
        "state": {
          "branch": null,
          "revision": "f445c9067d28346e828e615e2b43cb07b20bca35",
          "version": "1.7.2"
        }
      }
    ]
  },
  "version": 1
}
